
Microsoft Visual Studio Solution File, Format Version 12.00
# Visual Studio Version 17
VisualStudioVersion = 17.9.34701.34
MinimumVisualStudioVersion = 10.0.40219.1
Project("{FAE04EC0-301F-11D3-BF4B-00C04F79EFBC}") = "Login", "Login\Login.csproj", "{25C1CEA8-1BFD-4B84-A515-A22D8D48BF9E}"
EndProject
Project("{FAE04EC0-301F-11D3-BF4B-00C04F79EFBC}") = "QuizAppAttemp2 5-28-2024", "..\..\..\Downloads\EstudyoExam 5-28-2024\EstudyoExam 5-9-2024\QuizAppAttemp2\QuizAppAttemp2\QuizAppAttemp2 5-28-2024.csproj", "{C55639BA-8456-4827-B06B-C2CF571FAA93}"
EndProject
Global
	GlobalSection(SolutionConfigurationPlatforms) = preSolution
		Debug|Any CPU = Debug|Any CPU
		Release|Any CPU = Release|Any CPU
	EndGlobalSection
	GlobalSection(ProjectConfigurationPlatforms) = postSolution
		{25C1CEA8-1BFD-4B84-A515-A22D8D48BF9E}.Debug|Any CPU.ActiveCfg = Debug|Any CPU
		{25C1CEA8-1BFD-4B84-A515-A22D8D48BF9E}.Debug|Any CPU.Build.0 = Debug|Any CPU
		{25C1CEA8-1BFD-4B84-A515-A22D8D48BF9E}.Release|Any CPU.ActiveCfg = Release|Any CPU
		{25C1CEA8-1BFD-4B84-A515-A22D8D48BF9E}.Release|Any CPU.Build.0 = Release|Any CPU
		{C55639BA-8456-4827-B06B-C2CF571FAA93}.Debug|Any CPU.ActiveCfg = Debug|Any CPU
		{C55639BA-8456-4827-B06B-C2CF571FAA93}.Debug|Any CPU.Build.0 = Debug|Any CPU
		{C55639BA-8456-4827-B06B-C2CF571FAA93}.Release|Any CPU.ActiveCfg = Release|Any CPU
		{C55639BA-8456-4827-B06B-C2CF571FAA93}.Release|Any CPU.Build.0 = Release|Any CPU
	EndGlobalSection
	GlobalSection(SolutionProperties) = preSolution
		HideSolutionNode = FALSE
	EndGlobalSection
	GlobalSection(ExtensibilityGlobals) = postSolution
		SolutionGuid = {1A6B3DC8-F3DC-448C-A5CA-387D6EE17A32}
	EndGlobalSection
EndGlobal
